// !$*UTF8*$!
{
	archiveVersion = 1;
	classes = {
	};
	objectVersion = 56;
	objects = {

/* Begin PBXBuildFile section */
		D46E9AD32BA83C84000D4E9A /* Date+Extension.swift in Sources */ = {isa = PBXBuildFile; fileRef = D46E9AD22BA83C84000D4E9A /* Date+Extension.swift */; };
		D47CEA0A2BA7CCE500823C81 /* WeatherApp.swift in Sources */ = {isa = PBXBuildFile; fileRef = D47CEA092BA7CCE500823C81 /* WeatherApp.swift */; };
		D47CEA0C2BA7CCE500823C81 /* MainTabView.swift in Sources */ = {isa = PBXBuildFile; fileRef = D47CEA0B2BA7CCE500823C81 /* MainTabView.swift */; };
		D47CEA0E2BA7CCE600823C81 /* Assets.xcassets in Resources */ = {isa = PBXBuildFile; fileRef = D47CEA0D2BA7CCE600823C81 /* Assets.xcassets */; };
		D47CEA112BA7CCE600823C81 /* Preview Assets.xcassets in Resources */ = {isa = PBXBuildFile; fileRef = D47CEA102BA7CCE600823C81 /* Preview Assets.xcassets */; };
		D47CEA1B2BA7CCE600823C81 /* WeatherTests.swift in Sources */ = {isa = PBXBuildFile; fileRef = D47CEA1A2BA7CCE600823C81 /* WeatherTests.swift */; };
		D47CEA252BA7CCE600823C81 /* WeatherUITests.swift in Sources */ = {isa = PBXBuildFile; fileRef = D47CEA242BA7CCE600823C81 /* WeatherUITests.swift */; };
		D47CEA272BA7CCE600823C81 /* WeatherUITestsLaunchTests.swift in Sources */ = {isa = PBXBuildFile; fileRef = D47CEA262BA7CCE600823C81 /* WeatherUITestsLaunchTests.swift */; };
		D47CEA352BA7CD0000823C81 /* LaunchScreen.storyboard in Resources */ = {isa = PBXBuildFile; fileRef = D47CEA342BA7CD0000823C81 /* LaunchScreen.storyboard */; };
		D47CEA3A2BA7CE1000823C81 /* MainTabType.swift in Sources */ = {isa = PBXBuildFile; fileRef = D47CEA392BA7CE1000823C81 /* MainTabType.swift */; };
		D47CEA3F2BA7D05700823C81 /* HomeView.swift in Sources */ = {isa = PBXBuildFile; fileRef = D47CEA3E2BA7D05700823C81 /* HomeView.swift */; };
		D47CEA412BA7D06100823C81 /* WeakView.swift in Sources */ = {isa = PBXBuildFile; fileRef = D47CEA402BA7D06100823C81 /* WeakView.swift */; };
		D47CEA432BA7D06600823C81 /* SearchView.swift in Sources */ = {isa = PBXBuildFile; fileRef = D47CEA422BA7D06600823C81 /* SearchView.swift */; };
		D47CEA452BA7D1AB00823C81 /* HomeViewModel.swift in Sources */ = {isa = PBXBuildFile; fileRef = D47CEA442BA7D1AB00823C81 /* HomeViewModel.swift */; };
		D47CEA482BA7D58700823C81 /* Weather.swift in Sources */ = {isa = PBXBuildFile; fileRef = D47CEA472BA7D58700823C81 /* Weather.swift */; };
		D47CEA4A2BA7D77B00823C81 /* Colors.xcassets in Resources */ = {isa = PBXBuildFile; fileRef = D47CEA492BA7D77B00823C81 /* Colors.xcassets */; };
		D47CEA4D2BA7E13300823C81 /* Float+Extension.swift in Sources */ = {isa = PBXBuildFile; fileRef = D47CEA4C2BA7E13300823C81 /* Float+Extension.swift */; };
		D47CEA502BA7E72700823C81 /* DIContainer.swift in Sources */ = {isa = PBXBuildFile; fileRef = D47CEA4F2BA7E72700823C81 /* DIContainer.swift */; };
		D47CEA532BA7E74E00823C81 /* Services.swift in Sources */ = {isa = PBXBuildFile; fileRef = D47CEA522BA7E74E00823C81 /* Services.swift */; };
		D47CEA562BA7E9D700823C81 /* WeatherRepository.swift in Sources */ = {isa = PBXBuildFile; fileRef = D47CEA552BA7E9D700823C81 /* WeatherRepository.swift */; };
		D47CEA582BA7EA2800823C81 /* WeatherService.swift in Sources */ = {isa = PBXBuildFile; fileRef = D47CEA572BA7EA2800823C81 /* WeatherService.swift */; };
		D47CEA5B2BA7ED2900823C81 /* WeatherObject.swift in Sources */ = {isa = PBXBuildFile; fileRef = D47CEA5A2BA7ED2900823C81 /* WeatherObject.swift */; };
		D47CEA5D2BA7EDA900823C81 /* NetworkError.swift in Sources */ = {isa = PBXBuildFile; fileRef = D47CEA5C2BA7EDA900823C81 /* NetworkError.swift */; };
		D47CEA5F2BA7F15500823C81 /* APIController.swift in Sources */ = {isa = PBXBuildFile; fileRef = D47CEA5E2BA7F15500823C81 /* APIController.swift */; };
		D47CEA622BA7F23800823C81 /* Alamofire in Frameworks */ = {isa = PBXBuildFile; productRef = D47CEA612BA7F23800823C81 /* Alamofire */; };
		D47CEA642BA7F9F600823C81 /* ServiceError.swift in Sources */ = {isa = PBXBuildFile; fileRef = D47CEA632BA7F9F600823C81 /* ServiceError.swift */; };
		D47CEA662BA7FAF300823C81 /* Constant.swift in Sources */ = {isa = PBXBuildFile; fileRef = D47CEA652BA7FAF300823C81 /* Constant.swift */; };
		D47CEA692BA804C000823C81 /* AlamofireNetworkActivityLogger in Frameworks */ = {isa = PBXBuildFile; productRef = D47CEA682BA804C000823C81 /* AlamofireNetworkActivityLogger */; };
		D47CEA6C2BA82B2000823C81 /* Kingfisher in Frameworks */ = {isa = PBXBuildFile; productRef = D47CEA6B2BA82B2000823C81 /* Kingfisher */; };
/* End PBXBuildFile section */

/* Begin PBXContainerItemProxy section */
		D47CEA172BA7CCE600823C81 /* PBXContainerItemProxy */ = {
			isa = PBXContainerItemProxy;
			containerPortal = D47CE9FE2BA7CCE500823C81 /* Project object */;
			proxyType = 1;
			remoteGlobalIDString = D47CEA052BA7CCE500823C81;
			remoteInfo = Weather;
		};
		D47CEA212BA7CCE600823C81 /* PBXContainerItemProxy */ = {
			isa = PBXContainerItemProxy;
			containerPortal = D47CE9FE2BA7CCE500823C81 /* Project object */;
			proxyType = 1;
			remoteGlobalIDString = D47CEA052BA7CCE500823C81;
			remoteInfo = Weather;
		};
/* End PBXContainerItemProxy section */

/* Begin PBXFileReference section */
		D46E9AD22BA83C84000D4E9A /* Date+Extension.swift */ = {isa = PBXFileReference; lastKnownFileType = sourcecode.swift; path = "Date+Extension.swift"; sourceTree = "<group>"; };
		D47CEA062BA7CCE500823C81 /* Weather.app */ = {isa = PBXFileReference; explicitFileType = wrapper.application; includeInIndex = 0; path = Weather.app; sourceTree = BUILT_PRODUCTS_DIR; };
		D47CEA092BA7CCE500823C81 /* WeatherApp.swift */ = {isa = PBXFileReference; lastKnownFileType = sourcecode.swift; path = WeatherApp.swift; sourceTree = "<group>"; };
		D47CEA0B2BA7CCE500823C81 /* MainTabView.swift */ = {isa = PBXFileReference; lastKnownFileType = sourcecode.swift; path = MainTabView.swift; sourceTree = "<group>"; };
		D47CEA0D2BA7CCE600823C81 /* Assets.xcassets */ = {isa = PBXFileReference; lastKnownFileType = folder.assetcatalog; path = Assets.xcassets; sourceTree = "<group>"; };
		D47CEA102BA7CCE600823C81 /* Preview Assets.xcassets */ = {isa = PBXFileReference; lastKnownFileType = folder.assetcatalog; path = "Preview Assets.xcassets"; sourceTree = "<group>"; };
		D47CEA162BA7CCE600823C81 /* WeatherTests.xctest */ = {isa = PBXFileReference; explicitFileType = wrapper.cfbundle; includeInIndex = 0; path = WeatherTests.xctest; sourceTree = BUILT_PRODUCTS_DIR; };
		D47CEA1A2BA7CCE600823C81 /* WeatherTests.swift */ = {isa = PBXFileReference; lastKnownFileType = sourcecode.swift; path = WeatherTests.swift; sourceTree = "<group>"; };
		D47CEA202BA7CCE600823C81 /* WeatherUITests.xctest */ = {isa = PBXFileReference; explicitFileType = wrapper.cfbundle; includeInIndex = 0; path = WeatherUITests.xctest; sourceTree = BUILT_PRODUCTS_DIR; };
		D47CEA242BA7CCE600823C81 /* WeatherUITests.swift */ = {isa = PBXFileReference; lastKnownFileType = sourcecode.swift; path = WeatherUITests.swift; sourceTree = "<group>"; };
		D47CEA262BA7CCE600823C81 /* WeatherUITestsLaunchTests.swift */ = {isa = PBXFileReference; lastKnownFileType = sourcecode.swift; path = WeatherUITestsLaunchTests.swift; sourceTree = "<group>"; };
		D47CEA342BA7CD0000823C81 /* LaunchScreen.storyboard */ = {isa = PBXFileReference; lastKnownFileType = file.storyboard; path = LaunchScreen.storyboard; sourceTree = "<group>"; };
		D47CEA362BA7CD5F00823C81 /* Info.plist */ = {isa = PBXFileReference; lastKnownFileType = text.plist; path = Info.plist; sourceTree = "<group>"; };
		D47CEA392BA7CE1000823C81 /* MainTabType.swift */ = {isa = PBXFileReference; lastKnownFileType = sourcecode.swift; path = MainTabType.swift; sourceTree = "<group>"; };
		D47CEA3E2BA7D05700823C81 /* HomeView.swift */ = {isa = PBXFileReference; lastKnownFileType = sourcecode.swift; path = HomeView.swift; sourceTree = "<group>"; };
		D47CEA402BA7D06100823C81 /* WeakView.swift */ = {isa = PBXFileReference; lastKnownFileType = sourcecode.swift; path = WeakView.swift; sourceTree = "<group>"; };
		D47CEA422BA7D06600823C81 /* SearchView.swift */ = {isa = PBXFileReference; lastKnownFileType = sourcecode.swift; path = SearchView.swift; sourceTree = "<group>"; };
		D47CEA442BA7D1AB00823C81 /* HomeViewModel.swift */ = {isa = PBXFileReference; lastKnownFileType = sourcecode.swift; path = HomeViewModel.swift; sourceTree = "<group>"; };
		D47CEA472BA7D58700823C81 /* Weather.swift */ = {isa = PBXFileReference; lastKnownFileType = sourcecode.swift; path = Weather.swift; sourceTree = "<group>"; };
		D47CEA492BA7D77B00823C81 /* Colors.xcassets */ = {isa = PBXFileReference; lastKnownFileType = folder.assetcatalog; path = Colors.xcassets; sourceTree = "<group>"; };
		D47CEA4C2BA7E13300823C81 /* Float+Extension.swift */ = {isa = PBXFileReference; lastKnownFileType = sourcecode.swift; path = "Float+Extension.swift"; sourceTree = "<group>"; };
		D47CEA4F2BA7E72700823C81 /* DIContainer.swift */ = {isa = PBXFileReference; lastKnownFileType = sourcecode.swift; path = DIContainer.swift; sourceTree = "<group>"; };
		D47CEA522BA7E74E00823C81 /* Services.swift */ = {isa = PBXFileReference; lastKnownFileType = sourcecode.swift; path = Services.swift; sourceTree = "<group>"; };
		D47CEA552BA7E9D700823C81 /* WeatherRepository.swift */ = {isa = PBXFileReference; lastKnownFileType = sourcecode.swift; path = WeatherRepository.swift; sourceTree = "<group>"; };
		D47CEA572BA7EA2800823C81 /* WeatherService.swift */ = {isa = PBXFileReference; lastKnownFileType = sourcecode.swift; path = WeatherService.swift; sourceTree = "<group>"; };
		D47CEA5A2BA7ED2900823C81 /* WeatherObject.swift */ = {isa = PBXFileReference; lastKnownFileType = sourcecode.swift; path = WeatherObject.swift; sourceTree = "<group>"; };
		D47CEA5C2BA7EDA900823C81 /* NetworkError.swift */ = {isa = PBXFileReference; lastKnownFileType = sourcecode.swift; path = NetworkError.swift; sourceTree = "<group>"; };
		D47CEA5E2BA7F15500823C81 /* APIController.swift */ = {isa = PBXFileReference; lastKnownFileType = sourcecode.swift; path = APIController.swift; sourceTree = "<group>"; };
		D47CEA632BA7F9F600823C81 /* ServiceError.swift */ = {isa = PBXFileReference; lastKnownFileType = sourcecode.swift; path = ServiceError.swift; sourceTree = "<group>"; };
		D47CEA652BA7FAF300823C81 /* Constant.swift */ = {isa = PBXFileReference; lastKnownFileType = sourcecode.swift; path = Constant.swift; sourceTree = "<group>"; };
/* End PBXFileReference section */

/* Begin PBXFrameworksBuildPhase section */
		D47CEA032BA7CCE500823C81 /* Frameworks */ = {
			isa = PBXFrameworksBuildPhase;
			buildActionMask = 2147483647;
			files = (
				D47CEA6C2BA82B2000823C81 /* Kingfisher in Frameworks */,
				D47CEA622BA7F23800823C81 /* Alamofire in Frameworks */,
				D47CEA692BA804C000823C81 /* AlamofireNetworkActivityLogger in Frameworks */,
			);
			runOnlyForDeploymentPostprocessing = 0;
		};
		D47CEA132BA7CCE600823C81 /* Frameworks */ = {
			isa = PBXFrameworksBuildPhase;
			buildActionMask = 2147483647;
			files = (
			);
			runOnlyForDeploymentPostprocessing = 0;
		};
		D47CEA1D2BA7CCE600823C81 /* Frameworks */ = {
			isa = PBXFrameworksBuildPhase;
			buildActionMask = 2147483647;
			files = (
			);
			runOnlyForDeploymentPostprocessing = 0;
		};
/* End PBXFrameworksBuildPhase section */

/* Begin PBXGroup section */
		D47CE9FD2BA7CCE500823C81 = {
			isa = PBXGroup;
			children = (
				D47CEA082BA7CCE500823C81 /* Weather */,
				D47CEA192BA7CCE600823C81 /* WeatherTests */,
				D47CEA232BA7CCE600823C81 /* WeatherUITests */,
				D47CEA072BA7CCE500823C81 /* Products */,
			);
			sourceTree = "<group>";
		};
		D47CEA072BA7CCE500823C81 /* Products */ = {
			isa = PBXGroup;
			children = (
				D47CEA062BA7CCE500823C81 /* Weather.app */,
				D47CEA162BA7CCE600823C81 /* WeatherTests.xctest */,
				D47CEA202BA7CCE600823C81 /* WeatherUITests.xctest */,
			);
			name = Products;
			sourceTree = "<group>";
		};
		D47CEA082BA7CCE500823C81 /* Weather */ = {
			isa = PBXGroup;
			children = (
				D47CEA362BA7CD5F00823C81 /* Info.plist */,
				D47CEA092BA7CCE500823C81 /* WeatherApp.swift */,
				D47CEA4B2BA7E12A00823C81 /* Extension */,
				D47CEA4E2BA7E71300823C81 /* General */,
				D47CEA512BA7E74200823C81 /* Service */,
				D47CEA542BA7E9C300823C81 /* Repository */,
				D47CEA462BA7D57500823C81 /* Model */,
				D47CEA372BA7CDDE00823C81 /* View */,
				D47CEA332BA7CCF200823C81 /* Resource */,
				D47CEA0F2BA7CCE600823C81 /* Preview Content */,
			);
			path = Weather;
			sourceTree = "<group>";
		};
		D47CEA0F2BA7CCE600823C81 /* Preview Content */ = {
			isa = PBXGroup;
			children = (
				D47CEA102BA7CCE600823C81 /* Preview Assets.xcassets */,
			);
			path = "Preview Content";
			sourceTree = "<group>";
		};
		D47CEA192BA7CCE600823C81 /* WeatherTests */ = {
			isa = PBXGroup;
			children = (
				D47CEA1A2BA7CCE600823C81 /* WeatherTests.swift */,
			);
			path = WeatherTests;
			sourceTree = "<group>";
		};
		D47CEA232BA7CCE600823C81 /* WeatherUITests */ = {
			isa = PBXGroup;
			children = (
				D47CEA242BA7CCE600823C81 /* WeatherUITests.swift */,
				D47CEA262BA7CCE600823C81 /* WeatherUITestsLaunchTests.swift */,
			);
			path = WeatherUITests;
			sourceTree = "<group>";
		};
		D47CEA332BA7CCF200823C81 /* Resource */ = {
			isa = PBXGroup;
			children = (
				D47CEA0D2BA7CCE600823C81 /* Assets.xcassets */,
				D47CEA492BA7D77B00823C81 /* Colors.xcassets */,
				D47CEA342BA7CD0000823C81 /* LaunchScreen.storyboard */,
			);
			path = Resource;
			sourceTree = "<group>";
		};
		D47CEA372BA7CDDE00823C81 /* View */ = {
			isa = PBXGroup;
			children = (
				D47CEA382BA7CDE500823C81 /* MainTab */,
				D47CEA3B2BA7D03B00823C81 /* Home */,
				D47CEA3C2BA7D04000823C81 /* Weak */,
				D47CEA3D2BA7D04400823C81 /* Search */,
			);
			path = View;
			sourceTree = "<group>";
		};
		D47CEA382BA7CDE500823C81 /* MainTab */ = {
			isa = PBXGroup;
			children = (
				D47CEA0B2BA7CCE500823C81 /* MainTabView.swift */,
				D47CEA392BA7CE1000823C81 /* MainTabType.swift */,
			);
			path = MainTab;
			sourceTree = "<group>";
		};
		D47CEA3B2BA7D03B00823C81 /* Home */ = {
			isa = PBXGroup;
			children = (
				D47CEA3E2BA7D05700823C81 /* HomeView.swift */,
				D47CEA442BA7D1AB00823C81 /* HomeViewModel.swift */,
			);
			path = Home;
			sourceTree = "<group>";
		};
		D47CEA3C2BA7D04000823C81 /* Weak */ = {
			isa = PBXGroup;
			children = (
				D47CEA402BA7D06100823C81 /* WeakView.swift */,
			);
			path = Weak;
			sourceTree = "<group>";
		};
		D47CEA3D2BA7D04400823C81 /* Search */ = {
			isa = PBXGroup;
			children = (
				D47CEA422BA7D06600823C81 /* SearchView.swift */,
			);
			path = Search;
			sourceTree = "<group>";
		};
		D47CEA462BA7D57500823C81 /* Model */ = {
			isa = PBXGroup;
			children = (
				D47CEA472BA7D58700823C81 /* Weather.swift */,
			);
			path = Model;
			sourceTree = "<group>";
		};
		D47CEA4B2BA7E12A00823C81 /* Extension */ = {
			isa = PBXGroup;
			children = (
				D47CEA4C2BA7E13300823C81 /* Float+Extension.swift */,
				D46E9AD22BA83C84000D4E9A /* Date+Extension.swift */,
			);
			path = Extension;
			sourceTree = "<group>";
		};
		D47CEA4E2BA7E71300823C81 /* General */ = {
			isa = PBXGroup;
			children = (
				D47CEA4F2BA7E72700823C81 /* DIContainer.swift */,
				D47CEA652BA7FAF300823C81 /* Constant.swift */,
			);
			path = General;
			sourceTree = "<group>";
		};
		D47CEA512BA7E74200823C81 /* Service */ = {
			isa = PBXGroup;
			children = (
				D47CEA522BA7E74E00823C81 /* Services.swift */,
				D47CEA632BA7F9F600823C81 /* ServiceError.swift */,
				D47CEA572BA7EA2800823C81 /* WeatherService.swift */,
			);
			path = Service;
			sourceTree = "<group>";
		};
		D47CEA542BA7E9C300823C81 /* Repository */ = {
			isa = PBXGroup;
			children = (
				D47CEA592BA7ED1F00823C81 /* DTO */,
				D47CEA552BA7E9D700823C81 /* WeatherRepository.swift */,
				D47CEA5C2BA7EDA900823C81 /* NetworkError.swift */,
				D47CEA5E2BA7F15500823C81 /* APIController.swift */,
			);
			path = Repository;
			sourceTree = "<group>";
		};
		D47CEA592BA7ED1F00823C81 /* DTO */ = {
			isa = PBXGroup;
			children = (
				D47CEA5A2BA7ED2900823C81 /* WeatherObject.swift */,
			);
			path = DTO;
			sourceTree = "<group>";
		};
/* End PBXGroup section */

/* Begin PBXNativeTarget section */
		D47CEA052BA7CCE500823C81 /* Weather */ = {
			isa = PBXNativeTarget;
			buildConfigurationList = D47CEA2A2BA7CCE600823C81 /* Build configuration list for PBXNativeTarget "Weather" */;
			buildPhases = (
				D47CEA022BA7CCE500823C81 /* Sources */,
				D47CEA032BA7CCE500823C81 /* Frameworks */,
				D47CEA042BA7CCE500823C81 /* Resources */,
			);
			buildRules = (
			);
			dependencies = (
			);
			name = Weather;
			packageProductDependencies = (
				D47CEA612BA7F23800823C81 /* Alamofire */,
				D47CEA682BA804C000823C81 /* AlamofireNetworkActivityLogger */,
				D47CEA6B2BA82B2000823C81 /* Kingfisher */,
			);
			productName = Weather;
			productReference = D47CEA062BA7CCE500823C81 /* Weather.app */;
			productType = "com.apple.product-type.application";
		};
		D47CEA152BA7CCE600823C81 /* WeatherTests */ = {
			isa = PBXNativeTarget;
			buildConfigurationList = D47CEA2D2BA7CCE600823C81 /* Build configuration list for PBXNativeTarget "WeatherTests" */;
			buildPhases = (
				D47CEA122BA7CCE600823C81 /* Sources */,
				D47CEA132BA7CCE600823C81 /* Frameworks */,
				D47CEA142BA7CCE600823C81 /* Resources */,
			);
			buildRules = (
			);
			dependencies = (
				D47CEA182BA7CCE600823C81 /* PBXTargetDependency */,
			);
			name = WeatherTests;
			productName = WeatherTests;
			productReference = D47CEA162BA7CCE600823C81 /* WeatherTests.xctest */;
			productType = "com.apple.product-type.bundle.unit-test";
		};
		D47CEA1F2BA7CCE600823C81 /* WeatherUITests */ = {
			isa = PBXNativeTarget;
			buildConfigurationList = D47CEA302BA7CCE600823C81 /* Build configuration list for PBXNativeTarget "WeatherUITests" */;
			buildPhases = (
				D47CEA1C2BA7CCE600823C81 /* Sources */,
				D47CEA1D2BA7CCE600823C81 /* Frameworks */,
				D47CEA1E2BA7CCE600823C81 /* Resources */,
			);
			buildRules = (
			);
			dependencies = (
				D47CEA222BA7CCE600823C81 /* PBXTargetDependency */,
			);
			name = WeatherUITests;
			productName = WeatherUITests;
			productReference = D47CEA202BA7CCE600823C81 /* WeatherUITests.xctest */;
			productType = "com.apple.product-type.bundle.ui-testing";
		};
/* End PBXNativeTarget section */

/* Begin PBXProject section */
		D47CE9FE2BA7CCE500823C81 /* Project object */ = {
			isa = PBXProject;
			attributes = {
				BuildIndependentTargetsInParallel = 1;
				LastSwiftUpdateCheck = 1530;
				LastUpgradeCheck = 1530;
				TargetAttributes = {
					D47CEA052BA7CCE500823C81 = {
						CreatedOnToolsVersion = 15.3;
					};
					D47CEA152BA7CCE600823C81 = {
						CreatedOnToolsVersion = 15.3;
						TestTargetID = D47CEA052BA7CCE500823C81;
					};
					D47CEA1F2BA7CCE600823C81 = {
						CreatedOnToolsVersion = 15.3;
						TestTargetID = D47CEA052BA7CCE500823C81;
					};
				};
			};
			buildConfigurationList = D47CEA012BA7CCE500823C81 /* Build configuration list for PBXProject "Weather" */;
			compatibilityVersion = "Xcode 14.0";
			developmentRegion = en;
			hasScannedForEncodings = 0;
			knownRegions = (
				en,
				Base,
			);
			mainGroup = D47CE9FD2BA7CCE500823C81;
			packageReferences = (
				D47CEA602BA7F1C600823C81 /* XCRemoteSwiftPackageReference "Alamofire" */,
				D47CEA672BA8049D00823C81 /* XCRemoteSwiftPackageReference "AlamofireNetworkActivityLogger" */,
				D47CEA6A2BA82B2000823C81 /* XCRemoteSwiftPackageReference "Kingfisher" */,
			);
			productRefGroup = D47CEA072BA7CCE500823C81 /* Products */;
			projectDirPath = "";
			projectRoot = "";
			targets = (
				D47CEA052BA7CCE500823C81 /* Weather */,
				D47CEA152BA7CCE600823C81 /* WeatherTests */,
				D47CEA1F2BA7CCE600823C81 /* WeatherUITests */,
			);
		};
/* End PBXProject section */

/* Begin PBXResourcesBuildPhase section */
		D47CEA042BA7CCE500823C81 /* Resources */ = {
			isa = PBXResourcesBuildPhase;
			buildActionMask = 2147483647;
			files = (
				D47CEA352BA7CD0000823C81 /* LaunchScreen.storyboard in Resources */,
				D47CEA4A2BA7D77B00823C81 /* Colors.xcassets in Resources */,
				D47CEA112BA7CCE600823C81 /* Preview Assets.xcassets in Resources */,
				D47CEA0E2BA7CCE600823C81 /* Assets.xcassets in Resources */,
			);
			runOnlyForDeploymentPostprocessing = 0;
		};
		D47CEA142BA7CCE600823C81 /* Resources */ = {
			isa = PBXResourcesBuildPhase;
			buildActionMask = 2147483647;
			files = (
			);
			runOnlyForDeploymentPostprocessing = 0;
		};
		D47CEA1E2BA7CCE600823C81 /* Resources */ = {
			isa = PBXResourcesBuildPhase;
			buildActionMask = 2147483647;
			files = (
			);
			runOnlyForDeploymentPostprocessing = 0;
		};
/* End PBXResourcesBuildPhase section */

/* Begin PBXSourcesBuildPhase section */
		D47CEA022BA7CCE500823C81 /* Sources */ = {
			isa = PBXSourcesBuildPhase;
			buildActionMask = 2147483647;
			files = (
				D47CEA482BA7D58700823C81 /* Weather.swift in Sources */,
				D47CEA0C2BA7CCE500823C81 /* MainTabView.swift in Sources */,
				D47CEA502BA7E72700823C81 /* DIContainer.swift in Sources */,
				D47CEA662BA7FAF300823C81 /* Constant.swift in Sources */,
				D47CEA532BA7E74E00823C81 /* Services.swift in Sources */,
				D47CEA3F2BA7D05700823C81 /* HomeView.swift in Sources */,
				D47CEA5B2BA7ED2900823C81 /* WeatherObject.swift in Sources */,
				D47CEA452BA7D1AB00823C81 /* HomeViewModel.swift in Sources */,
				D47CEA562BA7E9D700823C81 /* WeatherRepository.swift in Sources */,
				D47CEA642BA7F9F600823C81 /* ServiceError.swift in Sources */,
				D47CEA412BA7D06100823C81 /* WeakView.swift in Sources */,
				D47CEA5D2BA7EDA900823C81 /* NetworkError.swift in Sources */,
				D47CEA0A2BA7CCE500823C81 /* WeatherApp.swift in Sources */,
				D47CEA432BA7D06600823C81 /* SearchView.swift in Sources */,
				D47CEA5F2BA7F15500823C81 /* APIController.swift in Sources */,
				D47CEA4D2BA7E13300823C81 /* Float+Extension.swift in Sources */,
				D47CEA3A2BA7CE1000823C81 /* MainTabType.swift in Sources */,
				D46E9AD32BA83C84000D4E9A /* Date+Extension.swift in Sources */,
				D47CEA582BA7EA2800823C81 /* WeatherService.swift in Sources */,
			);
			runOnlyForDeploymentPostprocessing = 0;
		};
		D47CEA122BA7CCE600823C81 /* Sources */ = {
			isa = PBXSourcesBuildPhase;
			buildActionMask = 2147483647;
			files = (
				D47CEA1B2BA7CCE600823C81 /* WeatherTests.swift in Sources */,
			);
			runOnlyForDeploymentPostprocessing = 0;
		};
		D47CEA1C2BA7CCE600823C81 /* Sources */ = {
			isa = PBXSourcesBuildPhase;
			buildActionMask = 2147483647;
			files = (
				D47CEA252BA7CCE600823C81 /* WeatherUITests.swift in Sources */,
				D47CEA272BA7CCE600823C81 /* WeatherUITestsLaunchTests.swift in Sources */,
			);
			runOnlyForDeploymentPostprocessing = 0;
		};
/* End PBXSourcesBuildPhase section */

/* Begin PBXTargetDependency section */
		D47CEA182BA7CCE600823C81 /* PBXTargetDependency */ = {
			isa = PBXTargetDependency;
			target = D47CEA052BA7CCE500823C81 /* Weather */;
			targetProxy = D47CEA172BA7CCE600823C81 /* PBXContainerItemProxy */;
		};
		D47CEA222BA7CCE600823C81 /* PBXTargetDependency */ = {
			isa = PBXTargetDependency;
			target = D47CEA052BA7CCE500823C81 /* Weather */;
			targetProxy = D47CEA212BA7CCE600823C81 /* PBXContainerItemProxy */;
		};
/* End PBXTargetDependency section */

/* Begin XCBuildConfiguration section */
		D47CEA282BA7CCE600823C81 /* Debug */ = {
			isa = XCBuildConfiguration;
			buildSettings = {
				ALWAYS_SEARCH_USER_PATHS = NO;
				ASSETCATALOG_COMPILER_GENERATE_SWIFT_ASSET_SYMBOL_EXTENSIONS = YES;
				CLANG_ANALYZER_NONNULL = YES;
				CLANG_ANALYZER_NUMBER_OBJECT_CONVERSION = YES_AGGRESSIVE;
				CLANG_CXX_LANGUAGE_STANDARD = "gnu++20";
				CLANG_ENABLE_MODULES = YES;
				CLANG_ENABLE_OBJC_ARC = YES;
				CLANG_ENABLE_OBJC_WEAK = YES;
				CLANG_WARN_BLOCK_CAPTURE_AUTORELEASING = YES;
				CLANG_WARN_BOOL_CONVERSION = YES;
				CLANG_WARN_COMMA = YES;
				CLANG_WARN_CONSTANT_CONVERSION = YES;
				CLANG_WARN_DEPRECATED_OBJC_IMPLEMENTATIONS = YES;
				CLANG_WARN_DIRECT_OBJC_ISA_USAGE = YES_ERROR;
				CLANG_WARN_DOCUMENTATION_COMMENTS = YES;
				CLANG_WARN_EMPTY_BODY = YES;
				CLANG_WARN_ENUM_CONVERSION = YES;
				CLANG_WARN_INFINITE_RECURSION = YES;
				CLANG_WARN_INT_CONVERSION = YES;
				CLANG_WARN_NON_LITERAL_NULL_CONVERSION = YES;
				CLANG_WARN_OBJC_IMPLICIT_RETAIN_SELF = YES;
				CLANG_WARN_OBJC_LITERAL_CONVERSION = YES;
				CLANG_WARN_OBJC_ROOT_CLASS = YES_ERROR;
				CLANG_WARN_QUOTED_INCLUDE_IN_FRAMEWORK_HEADER = YES;
				CLANG_WARN_RANGE_LOOP_ANALYSIS = YES;
				CLANG_WARN_STRICT_PROTOTYPES = YES;
				CLANG_WARN_SUSPICIOUS_MOVE = YES;
				CLANG_WARN_UNGUARDED_AVAILABILITY = YES_AGGRESSIVE;
				CLANG_WARN_UNREACHABLE_CODE = YES;
				CLANG_WARN__DUPLICATE_METHOD_MATCH = YES;
				COPY_PHASE_STRIP = NO;
				DEBUG_INFORMATION_FORMAT = dwarf;
				ENABLE_STRICT_OBJC_MSGSEND = YES;
				ENABLE_TESTABILITY = YES;
				ENABLE_USER_SCRIPT_SANDBOXING = YES;
				GCC_C_LANGUAGE_STANDARD = gnu17;
				GCC_DYNAMIC_NO_PIC = NO;
				GCC_NO_COMMON_BLOCKS = YES;
				GCC_OPTIMIZATION_LEVEL = 0;
				GCC_PREPROCESSOR_DEFINITIONS = (
					"DEBUG=1",
					"$(inherited)",
				);
				GCC_WARN_64_TO_32_BIT_CONVERSION = YES;
				GCC_WARN_ABOUT_RETURN_TYPE = YES_ERROR;
				GCC_WARN_UNDECLARED_SELECTOR = YES;
				GCC_WARN_UNINITIALIZED_AUTOS = YES_AGGRESSIVE;
				GCC_WARN_UNUSED_FUNCTION = YES;
				GCC_WARN_UNUSED_VARIABLE = YES;
				IPHONEOS_DEPLOYMENT_TARGET = 17.4;
				LOCALIZATION_PREFERS_STRING_CATALOGS = YES;
				MTL_ENABLE_DEBUG_INFO = INCLUDE_SOURCE;
				MTL_FAST_MATH = YES;
				ONLY_ACTIVE_ARCH = YES;
				SDKROOT = iphoneos;
				SWIFT_ACTIVE_COMPILATION_CONDITIONS = "DEBUG $(inherited)";
				SWIFT_OPTIMIZATION_LEVEL = "-Onone";
			};
			name = Debug;
		};
		D47CEA292BA7CCE600823C81 /* Release */ = {
			isa = XCBuildConfiguration;
			buildSettings = {
				ALWAYS_SEARCH_USER_PATHS = NO;
				ASSETCATALOG_COMPILER_GENERATE_SWIFT_ASSET_SYMBOL_EXTENSIONS = YES;
				CLANG_ANALYZER_NONNULL = YES;
				CLANG_ANALYZER_NUMBER_OBJECT_CONVERSION = YES_AGGRESSIVE;
				CLANG_CXX_LANGUAGE_STANDARD = "gnu++20";
				CLANG_ENABLE_MODULES = YES;
				CLANG_ENABLE_OBJC_ARC = YES;
				CLANG_ENABLE_OBJC_WEAK = YES;
				CLANG_WARN_BLOCK_CAPTURE_AUTORELEASING = YES;
				CLANG_WARN_BOOL_CONVERSION = YES;
				CLANG_WARN_COMMA = YES;
				CLANG_WARN_CONSTANT_CONVERSION = YES;
				CLANG_WARN_DEPRECATED_OBJC_IMPLEMENTATIONS = YES;
				CLANG_WARN_DIRECT_OBJC_ISA_USAGE = YES_ERROR;
				CLANG_WARN_DOCUMENTATION_COMMENTS = YES;
				CLANG_WARN_EMPTY_BODY = YES;
				CLANG_WARN_ENUM_CONVERSION = YES;
				CLANG_WARN_INFINITE_RECURSION = YES;
				CLANG_WARN_INT_CONVERSION = YES;
				CLANG_WARN_NON_LITERAL_NULL_CONVERSION = YES;
				CLANG_WARN_OBJC_IMPLICIT_RETAIN_SELF = YES;
				CLANG_WARN_OBJC_LITERAL_CONVERSION = YES;
				CLANG_WARN_OBJC_ROOT_CLASS = YES_ERROR;
				CLANG_WARN_QUOTED_INCLUDE_IN_FRAMEWORK_HEADER = YES;
				CLANG_WARN_RANGE_LOOP_ANALYSIS = YES;
				CLANG_WARN_STRICT_PROTOTYPES = YES;
				CLANG_WARN_SUSPICIOUS_MOVE = YES;
				CLANG_WARN_UNGUARDED_AVAILABILITY = YES_AGGRESSIVE;
				CLANG_WARN_UNREACHABLE_CODE = YES;
				CLANG_WARN__DUPLICATE_METHOD_MATCH = YES;
				COPY_PHASE_STRIP = NO;
				DEBUG_INFORMATION_FORMAT = "dwarf-with-dsym";
				ENABLE_NS_ASSERTIONS = NO;
				ENABLE_STRICT_OBJC_MSGSEND = YES;
				ENABLE_USER_SCRIPT_SANDBOXING = YES;
				GCC_C_LANGUAGE_STANDARD = gnu17;
				GCC_NO_COMMON_BLOCKS = YES;
				GCC_WARN_64_TO_32_BIT_CONVERSION = YES;
				GCC_WARN_ABOUT_RETURN_TYPE = YES_ERROR;
				GCC_WARN_UNDECLARED_SELECTOR = YES;
				GCC_WARN_UNINITIALIZED_AUTOS = YES_AGGRESSIVE;
				GCC_WARN_UNUSED_FUNCTION = YES;
				GCC_WARN_UNUSED_VARIABLE = YES;
				IPHONEOS_DEPLOYMENT_TARGET = 17.4;
				LOCALIZATION_PREFERS_STRING_CATALOGS = YES;
				MTL_ENABLE_DEBUG_INFO = NO;
				MTL_FAST_MATH = YES;
				SDKROOT = iphoneos;
				SWIFT_COMPILATION_MODE = wholemodule;
				VALIDATE_PRODUCT = YES;
			};
			name = Release;
		};
		D47CEA2B2BA7CCE600823C81 /* Debug */ = {
			isa = XCBuildConfiguration;
			buildSettings = {
				ASSETCATALOG_COMPILER_APPICON_NAME = AppIcon;
				ASSETCATALOG_COMPILER_GLOBAL_ACCENT_COLOR_NAME = AccentColor;
				CODE_SIGN_STYLE = Automatic;
				CURRENT_PROJECT_VERSION = 1;
				DEVELOPMENT_ASSET_PATHS = "\"Weather/Preview Content\"";
				DEVELOPMENT_TEAM = 6XGK99YX4F;
				ENABLE_PREVIEWS = YES;
				GENERATE_INFOPLIST_FILE = YES;
				INFOPLIST_FILE = Weather/Info.plist;
				INFOPLIST_KEY_UIApplicationSceneManifest_Generation = YES;
				INFOPLIST_KEY_UIApplicationSupportsIndirectInputEvents = YES;
				INFOPLIST_KEY_UILaunchStoryboardName = LaunchScreen;
				INFOPLIST_KEY_UISupportedInterfaceOrientations = UIInterfaceOrientationPortrait;
				LD_RUNPATH_SEARCH_PATHS = (
					"$(inherited)",
					"@executable_path/Frameworks",
				);
				MARKETING_VERSION = 1.0;
				PRODUCT_BUNDLE_IDENTIFIER = com.Weather;
				PRODUCT_NAME = "$(TARGET_NAME)";
				SWIFT_EMIT_LOC_STRINGS = YES;
				SWIFT_VERSION = 5.0;
				TARGETED_DEVICE_FAMILY = "1,2";
			};
			name = Debug;
		};
		D47CEA2C2BA7CCE600823C81 /* Release */ = {
			isa = XCBuildConfiguration;
			buildSettings = {
				ASSETCATALOG_COMPILER_APPICON_NAME = AppIcon;
				ASSETCATALOG_COMPILER_GLOBAL_ACCENT_COLOR_NAME = AccentColor;
				CODE_SIGN_STYLE = Automatic;
				CURRENT_PROJECT_VERSION = 1;
				DEVELOPMENT_ASSET_PATHS = "\"Weather/Preview Content\"";
				DEVELOPMENT_TEAM = 6XGK99YX4F;
				ENABLE_PREVIEWS = YES;
				GENERATE_INFOPLIST_FILE = YES;
				INFOPLIST_FILE = Weather/Info.plist;
				INFOPLIST_KEY_UIApplicationSceneManifest_Generation = YES;
				INFOPLIST_KEY_UIApplicationSupportsIndirectInputEvents = YES;
				INFOPLIST_KEY_UILaunchStoryboardName = LaunchScreen;
				INFOPLIST_KEY_UISupportedInterfaceOrientations = UIInterfaceOrientationPortrait;
				LD_RUNPATH_SEARCH_PATHS = (
					"$(inherited)",
					"@executable_path/Frameworks",
				);
				MARKETING_VERSION = 1.0;
				PRODUCT_BUNDLE_IDENTIFIER = com.Weather;
				PRODUCT_NAME = "$(TARGET_NAME)";
				SWIFT_EMIT_LOC_STRINGS = YES;
				SWIFT_VERSION = 5.0;
				TARGETED_DEVICE_FAMILY = "1,2";
			};
			name = Release;
		};
		D47CEA2E2BA7CCE600823C81 /* Debug */ = {
			isa = XCBuildConfiguration;
			buildSettings = {
				ALWAYS_EMBED_SWIFT_STANDARD_LIBRARIES = YES;
				BUNDLE_LOADER = "$(TEST_HOST)";
				CODE_SIGN_STYLE = Automatic;
				CURRENT_PROJECT_VERSION = 1;
				DEVELOPMENT_TEAM = 6XGK99YX4F;
				GENERATE_INFOPLIST_FILE = YES;
				IPHONEOS_DEPLOYMENT_TARGET = 17.4;
				MARKETING_VERSION = 1.0;
				PRODUCT_BUNDLE_IDENTIFIER = com.WeatherTests;
				PRODUCT_NAME = "$(TARGET_NAME)";
				SWIFT_EMIT_LOC_STRINGS = NO;
				SWIFT_VERSION = 5.0;
				TARGETED_DEVICE_FAMILY = "1,2";
				TEST_HOST = "$(BUILT_PRODUCTS_DIR)/Weather.app/$(BUNDLE_EXECUTABLE_FOLDER_PATH)/Weather";
			};
			name = Debug;
		};
		D47CEA2F2BA7CCE600823C81 /* Release */ = {
			isa = XCBuildConfiguration;
			buildSettings = {
				ALWAYS_EMBED_SWIFT_STANDARD_LIBRARIES = YES;
				BUNDLE_LOADER = "$(TEST_HOST)";
				CODE_SIGN_STYLE = Automatic;
				CURRENT_PROJECT_VERSION = 1;
				DEVELOPMENT_TEAM = 6XGK99YX4F;
				GENERATE_INFOPLIST_FILE = YES;
				IPHONEOS_DEPLOYMENT_TARGET = 17.4;
				MARKETING_VERSION = 1.0;
				PRODUCT_BUNDLE_IDENTIFIER = com.WeatherTests;
				PRODUCT_NAME = "$(TARGET_NAME)";
				SWIFT_EMIT_LOC_STRINGS = NO;
				SWIFT_VERSION = 5.0;
				TARGETED_DEVICE_FAMILY = "1,2";
				TEST_HOST = "$(BUILT_PRODUCTS_DIR)/Weather.app/$(BUNDLE_EXECUTABLE_FOLDER_PATH)/Weather";
			};
			name = Release;
		};
		D47CEA312BA7CCE600823C81 /* Debug */ = {
			isa = XCBuildConfiguration;
			buildSettings = {
				ALWAYS_EMBED_SWIFT_STANDARD_LIBRARIES = YES;
				CODE_SIGN_STYLE = Automatic;
				CURRENT_PROJECT_VERSION = 1;
				DEVELOPMENT_TEAM = 6XGK99YX4F;
				GENERATE_INFOPLIST_FILE = YES;
				MARKETING_VERSION = 1.0;
				PRODUCT_BUNDLE_IDENTIFIER = com.WeatherUITests;
				PRODUCT_NAME = "$(TARGET_NAME)";
				SWIFT_EMIT_LOC_STRINGS = NO;
				SWIFT_VERSION = 5.0;
				TARGETED_DEVICE_FAMILY = "1,2";
				TEST_TARGET_NAME = Weather;
			};
			name = Debug;
		};
		D47CEA322BA7CCE600823C81 /* Release */ = {
			isa = XCBuildConfiguration;
			buildSettings = {
				ALWAYS_EMBED_SWIFT_STANDARD_LIBRARIES = YES;
				CODE_SIGN_STYLE = Automatic;
				CURRENT_PROJECT_VERSION = 1;
				DEVELOPMENT_TEAM = 6XGK99YX4F;
				GENERATE_INFOPLIST_FILE = YES;
				MARKETING_VERSION = 1.0;
				PRODUCT_BUNDLE_IDENTIFIER = com.WeatherUITests;
				PRODUCT_NAME = "$(TARGET_NAME)";
				SWIFT_EMIT_LOC_STRINGS = NO;
				SWIFT_VERSION = 5.0;
				TARGETED_DEVICE_FAMILY = "1,2";
				TEST_TARGET_NAME = Weather;
			};
			name = Release;
		};
/* End XCBuildConfiguration section */

/* Begin XCConfigurationList section */
		D47CEA012BA7CCE500823C81 /* Build configuration list for PBXProject "Weather" */ = {
			isa = XCConfigurationList;
			buildConfigurations = (
				D47CEA282BA7CCE600823C81 /* Debug */,
				D47CEA292BA7CCE600823C81 /* Release */,
			);
			defaultConfigurationIsVisible = 0;
			defaultConfigurationName = Release;
		};
		D47CEA2A2BA7CCE600823C81 /* Build configuration list for PBXNativeTarget "Weather" */ = {
			isa = XCConfigurationList;
			buildConfigurations = (
				D47CEA2B2BA7CCE600823C81 /* Debug */,
				D47CEA2C2BA7CCE600823C81 /* Release */,
			);
			defaultConfigurationIsVisible = 0;
			defaultConfigurationName = Release;
		};
		D47CEA2D2BA7CCE600823C81 /* Build configuration list for PBXNativeTarget "WeatherTests" */ = {
			isa = XCConfigurationList;
			buildConfigurations = (
				D47CEA2E2BA7CCE600823C81 /* Debug */,
				D47CEA2F2BA7CCE600823C81 /* Release */,
			);
			defaultConfigurationIsVisible = 0;
			defaultConfigurationName = Release;
		};
		D47CEA302BA7CCE600823C81 /* Build configuration list for PBXNativeTarget "WeatherUITests" */ = {
			isa = XCConfigurationList;
			buildConfigurations = (
				D47CEA312BA7CCE600823C81 /* Debug */,
				D47CEA322BA7CCE600823C81 /* Release */,
			);
			defaultConfigurationIsVisible = 0;
			defaultConfigurationName = Release;
		};
/* End XCConfigurationList section */

/* Begin XCRemoteSwiftPackageReference section */
		D47CEA602BA7F1C600823C81 /* XCRemoteSwiftPackageReference "Alamofire" */ = {
			isa = XCRemoteSwiftPackageReference;
			repositoryURL = "https://github.com/Alamofire/Alamofire";
			requirement = {
				kind = upToNextMajorVersion;
				minimumVersion = 5.9.0;
			};
		};
		D47CEA672BA8049D00823C81 /* XCRemoteSwiftPackageReference "AlamofireNetworkActivityLogger" */ = {
			isa = XCRemoteSwiftPackageReference;
			repositoryURL = "https://github.com/konkab/AlamofireNetworkActivityLogger";
			requirement = {
				kind = upToNextMajorVersion;
				minimumVersion = 3.4.0;
			};
		};
		D47CEA6A2BA82B2000823C81 /* XCRemoteSwiftPackageReference "Kingfisher" */ = {
			isa = XCRemoteSwiftPackageReference;
			repositoryURL = "https://github.com/onevcat/Kingfisher.git";
			requirement = {
				kind = upToNextMajorVersion;
				minimumVersion = 7.11.0;
			};
		};
/* End XCRemoteSwiftPackageReference section */

/* Begin XCSwiftPackageProductDependency section */
		D47CEA612BA7F23800823C81 /* Alamofire */ = {
			isa = XCSwiftPackageProductDependency;
			package = D47CEA602BA7F1C600823C81 /* XCRemoteSwiftPackageReference "Alamofire" */;
			productName = Alamofire;
		};
		D47CEA682BA804C000823C81 /* AlamofireNetworkActivityLogger */ = {
			isa = XCSwiftPackageProductDependency;
			package = D47CEA672BA8049D00823C81 /* XCRemoteSwiftPackageReference "AlamofireNetworkActivityLogger" */;
			productName = AlamofireNetworkActivityLogger;
		};
		D47CEA6B2BA82B2000823C81 /* Kingfisher */ = {
			isa = XCSwiftPackageProductDependency;
			package = D47CEA6A2BA82B2000823C81 /* XCRemoteSwiftPackageReference "Kingfisher" */;
			productName = Kingfisher;
		};
/* End XCSwiftPackageProductDependency section */
	};
	rootObject = D47CE9FE2BA7CCE500823C81 /* Project object */;
}
